// !$*UTF8*$!
{
	archiveVersion = 1;
	classes = {
	};
	objectVersion = 46;
	objects = {

/* Begin PBXBuildFile section */
		C530D71616E8F6F900A840D4 /* UIKit.framework in Frameworks */ = {isa = PBXBuildFile; fileRef = C530D71516E8F6F900A840D4 /* UIKit.framework */; };
		C530D71816E8F6F900A840D4 /* Foundation.framework in Frameworks */ = {isa = PBXBuildFile; fileRef = C530D71716E8F6F900A840D4 /* Foundation.framework */; };
		C530D71A16E8F6F900A840D4 /* CoreGraphics.framework in Frameworks */ = {isa = PBXBuildFile; fileRef = C530D71916E8F6F900A840D4 /* CoreGraphics.framework */; };
		C530D72016E8F6F900A840D4 /* InfoPlist.strings in Resources */ = {isa = PBXBuildFile; fileRef = C530D71E16E8F6F900A840D4 /* InfoPlist.strings */; };
		C530D72216E8F6F900A840D4 /* main.m in Sources */ = {isa = PBXBuildFile; fileRef = C530D72116E8F6F900A840D4 /* main.m */; };
		C530D72616E8F6F900A840D4 /* AppDelegate.m in Sources */ = {isa = PBXBuildFile; fileRef = C530D72516E8F6F900A840D4 /* AppDelegate.m */; };
		C530D72816E8F6F900A840D4 /* Default.png in Resources */ = {isa = PBXBuildFile; fileRef = C530D72716E8F6F900A840D4 /* Default.png */; };
		C530D72A16E8F6F900A840D4 /* Default@2x.png in Resources */ = {isa = PBXBuildFile; fileRef = C530D72916E8F6F900A840D4 /* Default@2x.png */; };
		C530D72C16E8F6F900A840D4 /* Default-568h@2x.png in Resources */ = {isa = PBXBuildFile; fileRef = C530D72B16E8F6F900A840D4 /* Default-568h@2x.png */; };
		C530D72F16E8F6F900A840D4 /* ViewController.m in Sources */ = {isa = PBXBuildFile; fileRef = C530D72E16E8F6F900A840D4 /* ViewController.m */; };
		C530D73216E8F6F900A840D4 /* ViewController.xib in Resources */ = {isa = PBXBuildFile; fileRef = C530D73016E8F6F900A840D4 /* ViewController.xib */; };
		C530D73A16E8F72E00A840D4 /* SampleDataObject.m in Sources */ = {isa = PBXBuildFile; fileRef = C530D73916E8F72E00A840D4 /* SampleDataObject.m */; };
/* End PBXBuildFile section */

/* Begin PBXFileReference section */
		C530D71216E8F6F900A840D4 /* TestProject.app */ = {isa = PBXFileReference; explicitFileType = wrapper.application; includeInIndex = 0; path = TestProject.app; sourceTree = BUILT_PRODUCTS_DIR; };
		C530D71516E8F6F900A840D4 /* UIKit.framework */ = {isa = PBXFileReference; lastKnownFileType = wrapper.framework; name = UIKit.framework; path = System/Library/Frameworks/UIKit.framework; sourceTree = SDKROOT; };
		C530D71716E8F6F900A840D4 /* Foundation.framework */ = {isa = PBXFileReference; lastKnownFileType = wrapper.framework; name = Foundation.framework; path = System/Library/Frameworks/Foundation.framework; sourceTree = SDKROOT; };
		C530D71916E8F6F900A840D4 /* CoreGraphics.framework */ = {isa = PBXFileReference; lastKnownFileType = wrapper.framework; name = CoreGraphics.framework; path = System/Library/Frameworks/CoreGraphics.framework; sourceTree = SDKROOT; };
		C530D71D16E8F6F900A840D4 /* TestProject-Info.plist */ = {isa = PBXFileReference; lastKnownFileType = text.plist.xml; path = "TestProject-Info.plist"; sourceTree = "<group>"; };
		C530D71F16E8F6F900A840D4 /* en */ = {isa = PBXFileReference; lastKnownFileType = text.plist.strings; name = en; path = en.lproj/InfoPlist.strings; sourceTree = "<group>"; };
		C530D72116E8F6F900A840D4 /* main.m */ = {isa = PBXFileReference; lastKnownFileType = sourcecode.c.objc; path = main.m; sourceTree = "<group>"; };
		C530D72316E8F6F900A840D4 /* TestProject-Prefix.pch */ = {isa = PBXFileReference; lastKnownFileType = sourcecode.c.h; path = "TestProject-Prefix.pch"; sourceTree = "<group>"; };
		C530D72416E8F6F900A840D4 /* AppDelegate.h */ = {isa = PBXFileReference; lastKnownFileType = sourcecode.c.h; path = AppDelegate.h; sourceTree = "<group>"; };
		C530D72516E8F6F900A840D4 /* AppDelegate.m */ = {isa = PBXFileReference; lastKnownFileType = sourcecode.c.objc; path = AppDelegate.m; sourceTree = "<group>"; };
		C530D72716E8F6F900A840D4 /* Default.png */ = {isa = PBXFileReference; lastKnownFileType = image.png; path = Default.png; sourceTree = "<group>"; };
		C530D72916E8F6F900A840D4 /* Default@2x.png */ = {isa = PBXFileReference; lastKnownFileType = image.png; path = "Default@2x.png"; sourceTree = "<group>"; };
		C530D72B16E8F6F900A840D4 /* Default-568h@2x.png */ = {isa = PBXFileReference; lastKnownFileType = image.png; path = "Default-568h@2x.png"; sourceTree = "<group>"; };
		C530D72D16E8F6F900A840D4 /* ViewController.h */ = {isa = PBXFileReference; lastKnownFileType = sourcecode.c.h; path = ViewController.h; sourceTree = "<group>"; };
		C530D72E16E8F6F900A840D4 /* ViewController.m */ = {isa = PBXFileReference; lastKnownFileType = sourcecode.c.objc; path = ViewController.m; sourceTree = "<group>"; };
		C530D73116E8F6F900A840D4 /* en */ = {isa = PBXFileReference; lastKnownFileType = file.xib; name = en; path = en.lproj/ViewController.xib; sourceTree = "<group>"; };
		C530D73816E8F72E00A840D4 /* SampleDataObject.h */ = {isa = PBXFileReference; fileEncoding = 4; lastKnownFileType = sourcecode.c.h; path = SampleDataObject.h; sourceTree = "<group>"; };
		C530D73916E8F72E00A840D4 /* SampleDataObject.m */ = {isa = PBXFileReference; fileEncoding = 4; lastKnownFileType = sourcecode.c.objc; path = SampleDataObject.m; sourceTree = "<group>"; };
/* End PBXFileReference section */

/* Begin PBXFrameworksBuildPhase section */
		C530D70F16E8F6F900A840D4 /* Frameworks */ = {
			isa = PBXFrameworksBuildPhase;
			buildActionMask = 2147483647;
			files = (
				C530D71616E8F6F900A840D4 /* UIKit.framework in Frameworks */,
				C530D71816E8F6F900A840D4 /* Foundation.framework in Frameworks */,
				C530D71A16E8F6F900A840D4 /* CoreGraphics.framework in Frameworks */,
			);
			runOnlyForDeploymentPostprocessing = 0;
		};
/* End PBXFrameworksBuildPhase section */

/* Begin PBXGroup section */
		C530D70916E8F6F900A840D4 = {
			isa = PBXGroup;
			children = (
				C530D71B16E8F6F900A840D4 /* TestProject */,
				C530D71416E8F6F900A840D4 /* Frameworks */,
				C530D71316E8F6F900A840D4 /* Products */,
			);
			sourceTree = "<group>";
		};
		C530D71316E8F6F900A840D4 /* Products */ = {
			isa = PBXGroup;
			children = (
				C530D71216E8F6F900A840D4 /* TestProject.app */,
			);
			name = Products;
			sourceTree = "<group>";
		};
		C530D71416E8F6F900A840D4 /* Frameworks */ = {
			isa = PBXGroup;
			children = (
				C530D71516E8F6F900A840D4 /* UIKit.framework */,
				C530D71716E8F6F900A840D4 /* Foundation.framework */,
				C530D71916E8F6F900A840D4 /* CoreGraphics.framework */,
			);
			name = Frameworks;
			sourceTree = "<group>";
		};
		C530D71B16E8F6F900A840D4 /* TestProject */ = {
			isa = PBXGroup;
			children = (
				C530D72416E8F6F900A840D4 /* AppDelegate.h */,
				C530D72516E8F6F900A840D4 /* AppDelegate.m */,
				C530D72D16E8F6F900A840D4 /* ViewController.h */,
				C530D72E16E8F6F900A840D4 /* ViewController.m */,
				C530D73016E8F6F900A840D4 /* ViewController.xib */,
				C530D71C16E8F6F900A840D4 /* Supporting Files */,
				C530D73816E8F72E00A840D4 /* SampleDataObject.h */,
				C530D73916E8F72E00A840D4 /* SampleDataObject.m */,
			);
			path = TestProject;
			sourceTree = "<group>";
		};
		C530D71C16E8F6F900A840D4 /* Supporting Files */ = {
			isa = PBXGroup;
			children = (
				C530D71D16E8F6F900A840D4 /* TestProject-Info.plist */,
				C530D71E16E8F6F900A840D4 /* InfoPlist.strings */,
				C530D72116E8F6F900A840D4 /* main.m */,
				C530D72316E8F6F900A840D4 /* TestProject-Prefix.pch */,
				C530D72716E8F6F900A840D4 /* Default.png */,
				C530D72916E8F6F900A840D4 /* Default@2x.png */,
				C530D72B16E8F6F900A840D4 /* Default-568h@2x.png */,
			);
			name = "Supporting Files";
			sourceTree = "<group>";
		};
/* End PBXGroup section */

/* Begin PBXNativeTarget section */
		C530D71116E8F6F900A840D4 /* TestProject */ = {
			isa = PBXNativeTarget;
			buildConfigurationList = C530D73516E8F6F900A840D4 /* Build configuration list for PBXNativeTarget "TestProject" */;
			buildPhases = (
				C530D70E16E8F6F900A840D4 /* Sources */,
				C530D70F16E8F6F900A840D4 /* Frameworks */,
				C530D71016E8F6F900A840D4 /* Resources */,
			);
			buildRules = (
			);
			dependencies = (
			);
			name = TestProject;
			productName = TestProject;
			productReference = C530D71216E8F6F900A840D4 /* TestProject.app */;
			productType = "com.apple.product-type.application";
		};
/* End PBXNativeTarget section */

/* Begin PBXProject section */
		C530D70A16E8F6F900A840D4 /* Project object */ = {
			isa = PBXProject;
			attributes = {
				LastUpgradeCheck = 0460;
				ORGANIZATIONNAME = "David Siebecker";
			};
			buildConfigurationList = C530D70D16E8F6F900A840D4 /* Build configuration list for PBXProject "TestProject" */;
			compatibilityVersion = "Xcode 3.2";
			developmentRegion = English;
			hasScannedForEncodings = 0;
			knownRegions = (
				en,
			);
			mainGroup = C530D70916E8F6F900A840D4;
			productRefGroup = C530D71316E8F6F900A840D4 /* Products */;
			projectDirPath = "";
			projectRoot = "";
			targets = (
				C530D71116E8F6F900A840D4 /* TestProject */,
			);
		};
/* End PBXProject section */

/* Begin PBXResourcesBuildPhase section */
		C530D71016E8F6F900A840D4 /* Resources */ = {
			isa = PBXResourcesBuildPhase;
			buildActionMask = 2147483647;
			files = (
				C530D72016E8F6F900A840D4 /* InfoPlist.strings in Resources */,
				C530D72816E8F6F900A840D4 /* Default.png in Resources */,
				C530D72A16E8F6F900A840D4 /* Default@2x.png in Resources */,
				C530D72C16E8F6F900A840D4 /* Default-568h@2x.png in Resources */,
				C530D73216E8F6F900A840D4 /* ViewController.xib in Resources */,
			);
			runOnlyForDeploymentPostprocessing = 0;
		};
/* End PBXResourcesBuildPhase section */

/* Begin PBXSourcesBuildPhase section */
		C530D70E16E8F6F900A840D4 /* Sources */ = {
			isa = PBXSourcesBuildPhase;
			buildActionMask = 2147483647;
			files = (
				C530D72216E8F6F900A840D4 /* main.m in Sources */,
				C530D72616E8F6F900A840D4 /* AppDelegate.m in Sources */,
				C530D72F16E8F6F900A840D4 /* ViewController.m in Sources */,
				C530D73A16E8F72E00A840D4 /* SampleDataObject.m in Sources */,
			);
			runOnlyForDeploymentPostprocessing = 0;
		};
/* End PBXSourcesBuildPhase section */

/* Begin PBXVariantGroup section */
		C530D71E16E8F6F900A840D4 /* InfoPlist.strings */ = {
			isa = PBXVariantGroup;
			children = (
				C530D71F16E8F6F900A840D4 /* en */,
			);
			name = InfoPlist.strings;
			sourceTree = "<group>";
		};
		C530D73016E8F6F900A840D4 /* ViewController.xib */ = {
			isa = PBXVariantGroup;
			children = (
				C530D73116E8F6F900A840D4 /* en */,
			);
			name = ViewController.xib;
			sourceTree = "<group>";
		};
/* End PBXVariantGroup section */

/* Begin XCBuildConfiguration section */
		C530D73316E8F6F900A840D4 /* Debug */ = {
			isa = XCBuildConfiguration;
			buildSettings = {
				ALWAYS_SEARCH_USER_PATHS = NO;
				CLANG_CXX_LANGUAGE_STANDARD = "gnu++0x";
				CLANG_CXX_LIBRARY = "libc++";
				CLANG_ENABLE_OBJC_ARC = YES;
				CLANG_WARN_CONSTANT_CONVERSION = YES;
				CLANG_WARN_EMPTY_BODY = YES;
				CLANG_WARN_ENUM_CONVERSION = YES;
				CLANG_WARN_INT_CONVERSION = YES;
				CLANG_WARN__DUPLICATE_METHOD_MATCH = YES;
				"CODE_SIGN_IDENTITY[sdk=iphoneos*]" = "iPhone Developer";
				COPY_PHASE_STRIP = NO;
				GCC_C_LANGUAGE_STANDARD = gnu99;
				GCC_DYNAMIC_NO_PIC = NO;
				GCC_OPTIMIZATION_LEVEL = 0;
				GCC_PREPROCESSOR_DEFINITIONS = (
					"DEBUG=1",
					"$(inherited)",
				);
				GCC_SYMBOLS_PRIVATE_EXTERN = NO;
				GCC_WARN_ABOUT_RETURN_TYPE = YES;
				GCC_WARN_UNINITIALIZED_AUTOS = YES;
				GCC_WARN_UNUSED_VARIABLE = YES;
				IPHONEOS_DEPLOYMENT_TARGET = 6.1;
				ONLY_ACTIVE_ARCH = YES;
				SDKROOT = iphoneos;
			};
			name = Debug;
		};
		C530D73416E8F6F900A840D4 /* Release */ = {
			isa = XCBuildConfiguration;
			buildSettings = {
				ALWAYS_SEARCH_USER_PATHS = NO;
				CLANG_CXX_LANGUAGE_STANDARD = "gnu++0x";
				CLANG_CXX_LIBRARY = "libc++";
				CLANG_ENABLE_OBJC_ARC = YES;
				CLANG_WARN_CONSTANT_CONVERSION = YES;
				CLANG_WARN_EMPTY_BODY = YES;
				CLANG_WARN_ENUM_CONVERSION = YES;
				CLANG_WARN_INT_CONVERSION = YES;
				CLANG_WARN__DUPLICATE_METHOD_MATCH = YES;
				"CODE_SIGN_IDENTITY[sdk=iphoneos*]" = "iPhone Developer";
				COPY_PHASE_STRIP = YES;
				GCC_C_LANGUAGE_STANDARD = gnu99;
				GCC_WARN_ABOUT_RETURN_TYPE = YES;
				GCC_WARN_UNINITIALIZED_AUTOS = YES;
				GCC_WARN_UNUSED_VARIABLE = YES;
				IPHONEOS_DEPLOYMENT_TARGET = 6.1;
				OTHER_CFLAGS = "-DNS_BLOCK_ASSERTIONS=1";
				SDKROOT = iphoneos;
				VALIDATE_PRODUCT = YES;
			};
			name = Release;
		};
		C530D73616E8F6F900A840D4 /* Debug */ = {
			isa = XCBuildConfiguration;
			buildSettings = {
				GCC_PRECOMPILE_PREFIX_HEADER = YES;
				GCC_PREFIX_HEADER = "TestProject/TestProject-Prefix.pch";
				INFOPLIST_FILE = "TestProject/TestProject-Info.plist";
				PRODUCT_NAME = "$(TARGET_NAME)";
				WRAPPER_EXTENSION = app;
			};
			name = Debug;
		};
		C530D73716E8F6F900A840D4 /* Release */ = {
			isa = XCBuildConfiguration;
			buildSettings = {
				GCC_PRECOMPILE_PREFIX_HEADER = YES;
				GCC_PREFIX_HEADER = "TestProject/TestProject-Prefix.pch";
				INFOPLIST_FILE = "TestProject/TestProject-Info.plist";
				PRODUCT_NAME = "$(TARGET_NAME)";
				WRAPPER_EXTENSION = app;
			};
			name = Release;
		};
/* End XCBuildConfiguration section */

/* Begin XCConfigurationList section */
		C530D70D16E8F6F900A840D4 /* Build configuration list for PBXProject "TestProject" */ = {
			isa = XCConfigurationList;
			buildConfigurations = (
				C530D73316E8F6F900A840D4 /* Debug */,
				C530D73416E8F6F900A840D4 /* Release */,
			);
			defaultConfigurationIsVisible = 0;
			defaultConfigurationName = Release;
		};
		C530D73516E8F6F900A840D4 /* Build configuration list for PBXNativeTarget "TestProject" */ = {
			isa = XCConfigurationList;
			buildConfigurations = (
				C530D73616E8F6F900A840D4 /* Debug */,
				C530D73716E8F6F900A840D4 /* Release */,
			);
			defaultConfigurationIsVisible = 0;
		};
/* End XCConfigurationList section */
	};
	rootObject = C530D70A16E8F6F900A840D4 /* Project object */;
}
